// !$*UTF8*$!
{
	archiveVersion = 1;
	classes = {
	};
	objectVersion = 54;
	objects = {

/* Begin PBXBuildFile section */
		00E356F31AD99517003FC87E /* coffe_houseTests.m in Sources */ = {isa = PBXBuildFile; fileRef = 00E356F21AD99517003FC87E /* coffe_houseTests.m */; };
		0C80B921A6F3F58F76C31292 /* libPods-coffe_house.a in Frameworks */ = {isa = PBXBuildFile; fileRef = 5DCACB8F33CDC322A6C60F78 /* libPods-coffe_house.a */; };
		13B07FBC1A68108700A75B9A /* AppDelegate.mm in Sources */ = {isa = PBXBuildFile; fileRef = 13B07FB01A68108700A75B9A /* AppDelegate.mm */; };
		13B07FBF1A68108700A75B9A /* Images.xcassets in Resources */ = {isa = PBXBuildFile; fileRef = 13B07FB51A68108700A75B9A /* Images.xcassets */; };
		13B07FC11A68108700A75B9A /* main.m in Sources */ = {isa = PBXBuildFile; fileRef = 13B07FB71A68108700A75B9A /* main.m */; };
		7699B88040F8A987B510C191 /* libPods-coffe_house-coffe_houseTests.a in Frameworks */ = {isa = PBXBuildFile; fileRef = 19F6CBCC0A4E27FBF8BF4A61 /* libPods-coffe_house-coffe_houseTests.a */; };
		81AB9BB82411601600AC10FF /* LaunchScreen.storyboard in Resources */ = {isa = PBXBuildFile; fileRef = 81AB9BB72411601600AC10FF /* LaunchScreen.storyboard */; };
		BBACCE3684A84AEDBB6A4467 /* app_icons.ttf in Resources */ = {isa = PBXBuildFile; fileRef = 7EAB197873A442F899529637 /* app_icons.ttf */; };
		5E0C087987614B7E8DE2D1C2 /* Poppins-Black.ttf in Resources */ = {isa = PBXBuildFile; fileRef = 7AF5BD78E01749F8908B25DD /* Poppins-Black.ttf */; };
		14D106ECEF70449EA1B45556 /* Poppins-Bold.ttf in Resources */ = {isa = PBXBuildFile; fileRef = 4DD013D0D5D34F4F80F7FA31 /* Poppins-Bold.ttf */; };
		358E8E745DAD4C68AB5F9F85 /* Poppins-ExtraBold.ttf in Resources */ = {isa = PBXBuildFile; fileRef = B67DEDAEF9174C1E87161794 /* Poppins-ExtraBold.ttf */; };
		9DDA7BDDC876429A891F3018 /* Poppins-ExtraLight.ttf in Resources */ = {isa = PBXBuildFile; fileRef = 0E08AE3668654928B8FA49FC /* Poppins-ExtraLight.ttf */; };
		FA94E42C91F04E4BAB93C9FC /* Poppins-Light.ttf in Resources */ = {isa = PBXBuildFile; fileRef = 22D89F82E2BC46028E1625A3 /* Poppins-Light.ttf */; };
		45626718C68942FFB2467B88 /* Poppins-Medium.ttf in Resources */ = {isa = PBXBuildFile; fileRef = 3DDF0E2681E54A0FAF3C991A /* Poppins-Medium.ttf */; };
		6AF90613A94743E6A01FB8CD /* Poppins-Regular.ttf in Resources */ = {isa = PBXBuildFile; fileRef = A9B8D8469DF0458AA73F74B9 /* Poppins-Regular.ttf */; };
		6C3D0BFAEF8043779E041A9A /* Poppins-SemiBold.ttf in Resources */ = {isa = PBXBuildFile; fileRef = 3912838D1F8C45F49FC43B1E /* Poppins-SemiBold.ttf */; };
		03284168973A4D6EAA57D03E /* Poppins-Thin.ttf in Resources */ = {isa = PBXBuildFile; fileRef = 1EF2699326AC43C5A93C47A9 /* Poppins-Thin.ttf */; };
		783F4E31E0174A3CB5539402 /* amazonpay.png in Resources */ = {isa = PBXBuildFile; fileRef = 17D9024FDE6D4124BA8BF800 /* amazonpay.png */; };
		666CC19062174CB18D775F0D /* applepay.png in Resources */ = {isa = PBXBuildFile; fileRef = A98D927A72F44D6E8683D4AF /* applepay.png */; };
		6BDEA580F0F54310B45E575F /* avatar.png in Resources */ = {isa = PBXBuildFile; fileRef = E4F7EDCAE8204377B4261EE4 /* avatar.png */; };
		66918C10666F4C53A6AB4DFC /* gpay.png in Resources */ = {isa = PBXBuildFile; fileRef = 5642FF9D5C01430D908E5017 /* gpay.png */; };
		8919A973978C423C943944F3 /* americano_pic_1_portrait.png in Resources */ = {isa = PBXBuildFile; fileRef = E3C9704C6C2A4FAA9B10C696 /* americano_pic_1_portrait.png */; };
		71DB73450E1A4245A84D2248 /* americano_pic_2_portrait.png in Resources */ = {isa = PBXBuildFile; fileRef = 739F75D0197D4F8D9AA45F45 /* americano_pic_2_portrait.png */; };
		4343185581504533A88B97CE /* americano_pic_3_portrait.png in Resources */ = {isa = PBXBuildFile; fileRef = D44484A896714B9BA24EF82B /* americano_pic_3_portrait.png */; };
		60B60465994B46C6ACB48D98 /* americano_pic_1_square.png in Resources */ = {isa = PBXBuildFile; fileRef = 9CC91586C89A4212AFF1F189 /* americano_pic_1_square.png */; };
		A26B6A9DEE77467891D7C5AF /* americano_pic_2_square.png in Resources */ = {isa = PBXBuildFile; fileRef = 030A976A07A9456D9A314C51 /* americano_pic_2_square.png */; };
		55BD415F50104B688EABC08E /* americano_pic_3_square.png in Resources */ = {isa = PBXBuildFile; fileRef = 961DA292D81E4C4DB30E4944 /* americano_pic_3_square.png */; };
		BC18B17F678A4B34A01E9847 /* arabica_coffee_beans_portrait.png in Resources */ = {isa = PBXBuildFile; fileRef = CB8E01F266B84E30ACF6636D /* arabica_coffee_beans_portrait.png */; };
		88E4DC42239A4B64B99A6497 /* arabica_coffee_beans_square.png in Resources */ = {isa = PBXBuildFile; fileRef = 6E2A528007FB4938883D48E0 /* arabica_coffee_beans_square.png */; };
		93C52E2C31174D25BFE4ED79 /* black_coffee_pic_1_portrait.png in Resources */ = {isa = PBXBuildFile; fileRef = A6E7BCEEFC044DC582229C00 /* black_coffee_pic_1_portrait.png */; };
		D5D6AD5623C747CCB5C8EB9F /* black_coffee_pic_2_portrait.png in Resources */ = {isa = PBXBuildFile; fileRef = DA614F56DAE44BBE911B0EB0 /* black_coffee_pic_2_portrait.png */; };
		BF1DA2B5AE5B42F5A8681169 /* black_coffee_pic_3_portrait.png in Resources */ = {isa = PBXBuildFile; fileRef = 02A797E78A984967847B4B28 /* black_coffee_pic_3_portrait.png */; };
		FFBE7445181B49E8BDA77F33 /* black_coffee_pic_1_square.png in Resources */ = {isa = PBXBuildFile; fileRef = 2A0B5E94D4FA4D7697C75DCD /* black_coffee_pic_1_square.png */; };
		C362BAEB90DD40FEB16F08F6 /* black_coffee_pic_2_square.png in Resources */ = {isa = PBXBuildFile; fileRef = 693780B1DF8C4905A74433FD /* black_coffee_pic_2_square.png */; };
		2A1C083BD7E14168B95FE7BD /* black_coffee_pic_3_square.png in Resources */ = {isa = PBXBuildFile; fileRef = 587A5DCC470E44858321B812 /* black_coffee_pic_3_square.png */; };
		F85881FE56FC46F3AA0A01E0 /* cappuccino_pic_1_portrait.png in Resources */ = {isa = PBXBuildFile; fileRef = FE0EBA2AA7A54669881E5305 /* cappuccino_pic_1_portrait.png */; };
		3C67FA0C759B42F791B6D7C4 /* cappuccino_pic_2_portrait.png in Resources */ = {isa = PBXBuildFile; fileRef = 541CDBC6E6474B25A780279D /* cappuccino_pic_2_portrait.png */; };
		C381E3FB4A1C4C36B2BF7177 /* cappuccino_pic_3_portrait.png in Resources */ = {isa = PBXBuildFile; fileRef = B698B2D46CF4485D8134E7DF /* cappuccino_pic_3_portrait.png */; };
		773BD2B409454366B3599D47 /* cappuccino_pic_1_square.png in Resources */ = {isa = PBXBuildFile; fileRef = 22F6EA9CBC4743E09E18BC6C /* cappuccino_pic_1_square.png */; };
		718E1F14E6DE4EF9A114769C /* cappuccino_pic_2_square.png in Resources */ = {isa = PBXBuildFile; fileRef = FE6AE8BE02B149D6B37273B1 /* cappuccino_pic_2_square.png */; };
		01C920A9CCB24AD2B160E9EE /* cappuccino_pic_3_square.png in Resources */ = {isa = PBXBuildFile; fileRef = B3D3DB3F31C549A9AD989114 /* cappuccino_pic_3_square.png */; };
		C2CBB8C0541044589007F80C /* espresso_pic_1_portrait.png in Resources */ = {isa = PBXBuildFile; fileRef = 5627BB277D804F1392633E50 /* espresso_pic_1_portrait.png */; };
		905CF4659A534811AB16A1EF /* espresso_pic_2_portrait.png in Resources */ = {isa = PBXBuildFile; fileRef = 1E8D3AB5A1E0414A9282D716 /* espresso_pic_2_portrait.png */; };
		223FF8F5DBA8481CB8736BFE /* espresso_pic_3_portrait.png in Resources */ = {isa = PBXBuildFile; fileRef = 16DFA8C8ACB54F248F87D138 /* espresso_pic_3_portrait.png */; };
		96F11BBA19C845D7A2FC2B8A /* espresso_pic_1_square.png in Resources */ = {isa = PBXBuildFile; fileRef = 807DC78B77404370AAAE46DD /* espresso_pic_1_square.png */; };
		50BD1AF9270045D2BCE78F4B /* espresso_pic_2_square.png in Resources */ = {isa = PBXBuildFile; fileRef = FAD3E8F56E564A96B7A96661 /* espresso_pic_2_square.png */; };
		4D45584C83E54EF2B916F35C /* espresso_pic_3_square.png in Resources */ = {isa = PBXBuildFile; fileRef = 76EE42CB5A984683BF62EC6B /* espresso_pic_3_square.png */; };
		F1B19EF906C649D5B2485C12 /* excelsa_coffee_beans_portrait.png in Resources */ = {isa = PBXBuildFile; fileRef = AE14DBCCEC5946EBB49E68CA /* excelsa_coffee_beans_portrait.png */; };
		C1F2FC79B2B841B79E6445EC /* excelsa_coffee_beans_square.png in Resources */ = {isa = PBXBuildFile; fileRef = F913C34657654235B7B9AAFD /* excelsa_coffee_beans_square.png */; };
		8BD19DDD023141DEAB67B102 /* latte_pic_1_portrait.png in Resources */ = {isa = PBXBuildFile; fileRef = A3A870F1114C43E094698B5F /* latte_pic_1_portrait.png */; };
		2323C5C803EF48C2B91FB3EC /* latte_pic_2_portrait.png in Resources */ = {isa = PBXBuildFile; fileRef = C539ADDAC0CF468CBC99D595 /* latte_pic_2_portrait.png */; };
		5B9F142CE3144A4A8724FBA4 /* latte_pic_3_portrait.png in Resources */ = {isa = PBXBuildFile; fileRef = E3F2A55574254FEBA7B05A3C /* latte_pic_3_portrait.png */; };
		E3852CDC236A43D9BC659012 /* latte_pic_1_square.png in Resources */ = {isa = PBXBuildFile; fileRef = 63B8D3CA5EDD44E3A541AF17 /* latte_pic_1_square.png */; };
		C8C58CDD2EDD4C38B48E45DF /* latte_pic_2_square.png in Resources */ = {isa = PBXBuildFile; fileRef = 039345EA9AB14E8CBFC7BC7B /* latte_pic_2_square.png */; };
		AAE2078AF3624A9DBEE89E67 /* latte_pic_3_square.png in Resources */ = {isa = PBXBuildFile; fileRef = ABA91451F9CF42AE8F817DF4 /* latte_pic_3_square.png */; };
		3A18312B52E34D37B75521B0 /* liberica_coffee_beans_portrait.png in Resources */ = {isa = PBXBuildFile; fileRef = 15F2845B19594A659240852A /* liberica_coffee_beans_portrait.png */; };
		6C0C46864F3D475BB5A0B4AF /* liberica_coffee_beans_square.png in Resources */ = {isa = PBXBuildFile; fileRef = B10D8D88CF5D410A9BBF6163 /* liberica_coffee_beans_square.png */; };
		B67C1429CCF940138024C793 /* macchiato_pic_1_portrait.png in Resources */ = {isa = PBXBuildFile; fileRef = B528D00AA86B495297A1DD12 /* macchiato_pic_1_portrait.png */; };
		88976D15CA17432E9EB95657 /* macchiato_pic_2_portrait.png in Resources */ = {isa = PBXBuildFile; fileRef = B04014285B4240A4ABAB4115 /* macchiato_pic_2_portrait.png */; };
		8E20B1B413F3446C83D73D9E /* macchiato_pic_3_portrait.png in Resources */ = {isa = PBXBuildFile; fileRef = 888FDEEE345241DBB60788B9 /* macchiato_pic_3_portrait.png */; };
		D397DC9DDA764770AC91AB31 /* macchiato_pic_1_square.png in Resources */ = {isa = PBXBuildFile; fileRef = 0FB8FB8ED9A64EDF86E594CE /* macchiato_pic_1_square.png */; };
		8F6CCDB37C2544D08CD67CAC /* macchiato_pic_2_square.png in Resources */ = {isa = PBXBuildFile; fileRef = 8BEFD456BCDF4ADDBDE435A4 /* macchiato_pic_2_square.png */; };
		ED866E82E94742E9AC01FC3B /* macchiato_pic_3_square.png in Resources */ = {isa = PBXBuildFile; fileRef = DC859B565DF34E46A4EBF819 /* macchiato_pic_3_square.png */; };
		9336BD0F5B374E748D234E24 /* robusta_coffee_beans_portrait.png in Resources */ = {isa = PBXBuildFile; fileRef = D339B644E2F74B52857AC664 /* robusta_coffee_beans_portrait.png */; };
		C0EA0C8990724EF0919CBC3D /* robusta_coffee_beans_square.png in Resources */ = {isa = PBXBuildFile; fileRef = 0E9A7A06CACF4BAAA3390657 /* robusta_coffee_beans_square.png */; };
/* End PBXBuildFile section */

/* Begin PBXContainerItemProxy section */
		00E356F41AD99517003FC87E /* PBXContainerItemProxy */ = {
			isa = PBXContainerItemProxy;
			containerPortal = 83CBB9F71A601CBA00E9B192 /* Project object */;
			proxyType = 1;
			remoteGlobalIDString = 13B07F861A680F5B00A75B9A;
			remoteInfo = coffe_house;
		};
/* End PBXContainerItemProxy section */

/* Begin PBXFileReference section */
		00E356EE1AD99517003FC87E /* coffe_houseTests.xctest */ = {isa = PBXFileReference; explicitFileType = wrapper.cfbundle; includeInIndex = 0; path = coffe_houseTests.xctest; sourceTree = BUILT_PRODUCTS_DIR; };
		00E356F11AD99517003FC87E /* Info.plist */ = {isa = PBXFileReference; lastKnownFileType = text.plist.xml; path = Info.plist; sourceTree = "<group>"; };
		00E356F21AD99517003FC87E /* coffe_houseTests.m */ = {isa = PBXFileReference; lastKnownFileType = sourcecode.c.objc; path = coffe_houseTests.m; sourceTree = "<group>"; };
		13B07F961A680F5B00A75B9A /* coffe_house.app */ = {isa = PBXFileReference; explicitFileType = wrapper.application; includeInIndex = 0; path = coffe_house.app; sourceTree = BUILT_PRODUCTS_DIR; };
		13B07FAF1A68108700A75B9A /* AppDelegate.h */ = {isa = PBXFileReference; fileEncoding = 4; lastKnownFileType = sourcecode.c.h; name = AppDelegate.h; path = coffe_house/AppDelegate.h; sourceTree = "<group>"; };
		13B07FB01A68108700A75B9A /* AppDelegate.mm */ = {isa = PBXFileReference; fileEncoding = 4; lastKnownFileType = sourcecode.cpp.objcpp; name = AppDelegate.mm; path = coffe_house/AppDelegate.mm; sourceTree = "<group>"; };
		13B07FB51A68108700A75B9A /* Images.xcassets */ = {isa = PBXFileReference; lastKnownFileType = folder.assetcatalog; name = Images.xcassets; path = coffe_house/Images.xcassets; sourceTree = "<group>"; };
		13B07FB61A68108700A75B9A /* Info.plist */ = {isa = PBXFileReference; fileEncoding = 4; lastKnownFileType = text.plist.xml; name = Info.plist; path = coffe_house/Info.plist; sourceTree = "<group>"; };
		13B07FB71A68108700A75B9A /* main.m */ = {isa = PBXFileReference; fileEncoding = 4; lastKnownFileType = sourcecode.c.objc; name = main.m; path = coffe_house/main.m; sourceTree = "<group>"; };
		19F6CBCC0A4E27FBF8BF4A61 /* libPods-coffe_house-coffe_houseTests.a */ = {isa = PBXFileReference; explicitFileType = archive.ar; includeInIndex = 0; path = "libPods-coffe_house-coffe_houseTests.a"; sourceTree = BUILT_PRODUCTS_DIR; };
		3B4392A12AC88292D35C810B /* Pods-coffe_house.debug.xcconfig */ = {isa = PBXFileReference; includeInIndex = 1; lastKnownFileType = text.xcconfig; name = "Pods-coffe_house.debug.xcconfig"; path = "Target Support Files/Pods-coffe_house/Pods-coffe_house.debug.xcconfig"; sourceTree = "<group>"; };
		5709B34CF0A7D63546082F79 /* Pods-coffe_house.release.xcconfig */ = {isa = PBXFileReference; includeInIndex = 1; lastKnownFileType = text.xcconfig; name = "Pods-coffe_house.release.xcconfig"; path = "Target Support Files/Pods-coffe_house/Pods-coffe_house.release.xcconfig"; sourceTree = "<group>"; };
		5B7EB9410499542E8C5724F5 /* Pods-coffe_house-coffe_houseTests.debug.xcconfig */ = {isa = PBXFileReference; includeInIndex = 1; lastKnownFileType = text.xcconfig; name = "Pods-coffe_house-coffe_houseTests.debug.xcconfig"; path = "Target Support Files/Pods-coffe_house-coffe_houseTests/Pods-coffe_house-coffe_houseTests.debug.xcconfig"; sourceTree = "<group>"; };
		5DCACB8F33CDC322A6C60F78 /* libPods-coffe_house.a */ = {isa = PBXFileReference; explicitFileType = archive.ar; includeInIndex = 0; path = "libPods-coffe_house.a"; sourceTree = BUILT_PRODUCTS_DIR; };
		81AB9BB72411601600AC10FF /* LaunchScreen.storyboard */ = {isa = PBXFileReference; fileEncoding = 4; lastKnownFileType = file.storyboard; name = LaunchScreen.storyboard; path = coffe_house/LaunchScreen.storyboard; sourceTree = "<group>"; };
		89C6BE57DB24E9ADA2F236DE /* Pods-coffe_house-coffe_houseTests.release.xcconfig */ = {isa = PBXFileReference; includeInIndex = 1; lastKnownFileType = text.xcconfig; name = "Pods-coffe_house-coffe_houseTests.release.xcconfig"; path = "Target Support Files/Pods-coffe_house-coffe_houseTests/Pods-coffe_house-coffe_houseTests.release.xcconfig"; sourceTree = "<group>"; };
		ED297162215061F000B7C4FE /* JavaScriptCore.framework */ = {isa = PBXFileReference; lastKnownFileType = wrapper.framework; name = JavaScriptCore.framework; path = System/Library/Frameworks/JavaScriptCore.framework; sourceTree = SDKROOT; };
		7EAB197873A442F899529637 /* app_icons.ttf */ = {isa = PBXFileReference; name = "app_icons.ttf"; path = "../src/assets/fonts/app_icons.ttf"; sourceTree = "<group>"; fileEncoding = undefined; lastKnownFileType = unknown; explicitFileType = undefined; includeInIndex = 0; };
		7AF5BD78E01749F8908B25DD /* Poppins-Black.ttf */ = {isa = PBXFileReference; name = "Poppins-Black.ttf"; path = "../src/assets/fonts/Poppins-Black.ttf"; sourceTree = "<group>"; fileEncoding = undefined; lastKnownFileType = unknown; explicitFileType = undefined; includeInIndex = 0; };
		4DD013D0D5D34F4F80F7FA31 /* Poppins-Bold.ttf */ = {isa = PBXFileReference; name = "Poppins-Bold.ttf"; path = "../src/assets/fonts/Poppins-Bold.ttf"; sourceTree = "<group>"; fileEncoding = undefined; lastKnownFileType = unknown; explicitFileType = undefined; includeInIndex = 0; };
		B67DEDAEF9174C1E87161794 /* Poppins-ExtraBold.ttf */ = {isa = PBXFileReference; name = "Poppins-ExtraBold.ttf"; path = "../src/assets/fonts/Poppins-ExtraBold.ttf"; sourceTree = "<group>"; fileEncoding = undefined; lastKnownFileType = unknown; explicitFileType = undefined; includeInIndex = 0; };
		0E08AE3668654928B8FA49FC /* Poppins-ExtraLight.ttf */ = {isa = PBXFileReference; name = "Poppins-ExtraLight.ttf"; path = "../src/assets/fonts/Poppins-ExtraLight.ttf"; sourceTree = "<group>"; fileEncoding = undefined; lastKnownFileType = unknown; explicitFileType = undefined; includeInIndex = 0; };
		22D89F82E2BC46028E1625A3 /* Poppins-Light.ttf */ = {isa = PBXFileReference; name = "Poppins-Light.ttf"; path = "../src/assets/fonts/Poppins-Light.ttf"; sourceTree = "<group>"; fileEncoding = undefined; lastKnownFileType = unknown; explicitFileType = undefined; includeInIndex = 0; };
		3DDF0E2681E54A0FAF3C991A /* Poppins-Medium.ttf */ = {isa = PBXFileReference; name = "Poppins-Medium.ttf"; path = "../src/assets/fonts/Poppins-Medium.ttf"; sourceTree = "<group>"; fileEncoding = undefined; lastKnownFileType = unknown; explicitFileType = undefined; includeInIndex = 0; };
		A9B8D8469DF0458AA73F74B9 /* Poppins-Regular.ttf */ = {isa = PBXFileReference; name = "Poppins-Regular.ttf"; path = "../src/assets/fonts/Poppins-Regular.ttf"; sourceTree = "<group>"; fileEncoding = undefined; lastKnownFileType = unknown; explicitFileType = undefined; includeInIndex = 0; };
		3912838D1F8C45F49FC43B1E /* Poppins-SemiBold.ttf */ = {isa = PBXFileReference; name = "Poppins-SemiBold.ttf"; path = "../src/assets/fonts/Poppins-SemiBold.ttf"; sourceTree = "<group>"; fileEncoding = undefined; lastKnownFileType = unknown; explicitFileType = undefined; includeInIndex = 0; };
		1EF2699326AC43C5A93C47A9 /* Poppins-Thin.ttf */ = {isa = PBXFileReference; name = "Poppins-Thin.ttf"; path = "../src/assets/fonts/Poppins-Thin.ttf"; sourceTree = "<group>"; fileEncoding = undefined; lastKnownFileType = unknown; explicitFileType = undefined; includeInIndex = 0; };
		17D9024FDE6D4124BA8BF800 /* amazonpay.png */ = {isa = PBXFileReference; name = "amazonpay.png"; path = "../src/assets/app_images/amazonpay.png"; sourceTree = "<group>"; fileEncoding = undefined; lastKnownFileType = unknown; explicitFileType = undefined; includeInIndex = 0; };
		A98D927A72F44D6E8683D4AF /* applepay.png */ = {isa = PBXFileReference; name = "applepay.png"; path = "../src/assets/app_images/applepay.png"; sourceTree = "<group>"; fileEncoding = undefined; lastKnownFileType = unknown; explicitFileType = undefined; includeInIndex = 0; };
		E4F7EDCAE8204377B4261EE4 /* avatar.png */ = {isa = PBXFileReference; name = "avatar.png"; path = "../src/assets/app_images/avatar.png"; sourceTree = "<group>"; fileEncoding = undefined; lastKnownFileType = unknown; explicitFileType = undefined; includeInIndex = 0; };
		5642FF9D5C01430D908E5017 /* gpay.png */ = {isa = PBXFileReference; name = "gpay.png"; path = "../src/assets/app_images/gpay.png"; sourceTree = "<group>"; fileEncoding = undefined; lastKnownFileType = unknown; explicitFileType = undefined; includeInIndex = 0; };
		E3C9704C6C2A4FAA9B10C696 /* americano_pic_1_portrait.png */ = {isa = PBXFileReference; name = "americano_pic_1_portrait.png"; path = "../src/assets/coffee_assets/americano/portrait/americano_pic_1_portrait.png"; sourceTree = "<group>"; fileEncoding = undefined; lastKnownFileType = unknown; explicitFileType = undefined; includeInIndex = 0; };
		739F75D0197D4F8D9AA45F45 /* americano_pic_2_portrait.png */ = {isa = PBXFileReference; name = "americano_pic_2_portrait.png"; path = "../src/assets/coffee_assets/americano/portrait/americano_pic_2_portrait.png"; sourceTree = "<group>"; fileEncoding = undefined; lastKnownFileType = unknown; explicitFileType = undefined; includeInIndex = 0; };
		D44484A896714B9BA24EF82B /* americano_pic_3_portrait.png */ = {isa = PBXFileReference; name = "americano_pic_3_portrait.png"; path = "../src/assets/coffee_assets/americano/portrait/americano_pic_3_portrait.png"; sourceTree = "<group>"; fileEncoding = undefined; lastKnownFileType = unknown; explicitFileType = undefined; includeInIndex = 0; };
		9CC91586C89A4212AFF1F189 /* americano_pic_1_square.png */ = {isa = PBXFileReference; name = "americano_pic_1_square.png"; path = "../src/assets/coffee_assets/americano/square/americano_pic_1_square.png"; sourceTree = "<group>"; fileEncoding = undefined; lastKnownFileType = unknown; explicitFileType = undefined; includeInIndex = 0; };
		030A976A07A9456D9A314C51 /* americano_pic_2_square.png */ = {isa = PBXFileReference; name = "americano_pic_2_square.png"; path = "../src/assets/coffee_assets/americano/square/americano_pic_2_square.png"; sourceTree = "<group>"; fileEncoding = undefined; lastKnownFileType = unknown; explicitFileType = undefined; includeInIndex = 0; };
		961DA292D81E4C4DB30E4944 /* americano_pic_3_square.png */ = {isa = PBXFileReference; name = "americano_pic_3_square.png"; path = "../src/assets/coffee_assets/americano/square/americano_pic_3_square.png"; sourceTree = "<group>"; fileEncoding = undefined; lastKnownFileType = unknown; explicitFileType = undefined; includeInIndex = 0; };
		CB8E01F266B84E30ACF6636D /* arabica_coffee_beans_portrait.png */ = {isa = PBXFileReference; name = "arabica_coffee_beans_portrait.png"; path = "../src/assets/coffee_assets/arabica_coffee_beans/arabica_coffee_beans_portrait.png"; sourceTree = "<group>"; fileEncoding = undefined; lastKnownFileType = unknown; explicitFileType = undefined; includeInIndex = 0; };
		6E2A528007FB4938883D48E0 /* arabica_coffee_beans_square.png */ = {isa = PBXFileReference; name = "arabica_coffee_beans_square.png"; path = "../src/assets/coffee_assets/arabica_coffee_beans/arabica_coffee_beans_square.png"; sourceTree = "<group>"; fileEncoding = undefined; lastKnownFileType = unknown; explicitFileType = undefined; includeInIndex = 0; };
		A6E7BCEEFC044DC582229C00 /* black_coffee_pic_1_portrait.png */ = {isa = PBXFileReference; name = "black_coffee_pic_1_portrait.png"; path = "../src/assets/coffee_assets/black_coffee/portrait/black_coffee_pic_1_portrait.png"; sourceTree = "<group>"; fileEncoding = undefined; lastKnownFileType = unknown; explicitFileType = undefined; includeInIndex = 0; };
		DA614F56DAE44BBE911B0EB0 /* black_coffee_pic_2_portrait.png */ = {isa = PBXFileReference; name = "black_coffee_pic_2_portrait.png"; path = "../src/assets/coffee_assets/black_coffee/portrait/black_coffee_pic_2_portrait.png"; sourceTree = "<group>"; fileEncoding = undefined; lastKnownFileType = unknown; explicitFileType = undefined; includeInIndex = 0; };
		02A797E78A984967847B4B28 /* black_coffee_pic_3_portrait.png */ = {isa = PBXFileReference; name = "black_coffee_pic_3_portrait.png"; path = "../src/assets/coffee_assets/black_coffee/portrait/black_coffee_pic_3_portrait.png"; sourceTree = "<group>"; fileEncoding = undefined; lastKnownFileType = unknown; explicitFileType = undefined; includeInIndex = 0; };
		2A0B5E94D4FA4D7697C75DCD /* black_coffee_pic_1_square.png */ = {isa = PBXFileReference; name = "black_coffee_pic_1_square.png"; path = "../src/assets/coffee_assets/black_coffee/square/black_coffee_pic_1_square.png"; sourceTree = "<group>"; fileEncoding = undefined; lastKnownFileType = unknown; explicitFileType = undefined; includeInIndex = 0; };
		693780B1DF8C4905A74433FD /* black_coffee_pic_2_square.png */ = {isa = PBXFileReference; name = "black_coffee_pic_2_square.png"; path = "../src/assets/coffee_assets/black_coffee/square/black_coffee_pic_2_square.png"; sourceTree = "<group>"; fileEncoding = undefined; lastKnownFileType = unknown; explicitFileType = undefined; includeInIndex = 0; };
		587A5DCC470E44858321B812 /* black_coffee_pic_3_square.png */ = {isa = PBXFileReference; name = "black_coffee_pic_3_square.png"; path = "../src/assets/coffee_assets/black_coffee/square/black_coffee_pic_3_square.png"; sourceTree = "<group>"; fileEncoding = undefined; lastKnownFileType = unknown; explicitFileType = undefined; includeInIndex = 0; };
		FE0EBA2AA7A54669881E5305 /* cappuccino_pic_1_portrait.png */ = {isa = PBXFileReference; name = "cappuccino_pic_1_portrait.png"; path = "../src/assets/coffee_assets/cappuccino/portrait/cappuccino_pic_1_portrait.png"; sourceTree = "<group>"; fileEncoding = undefined; lastKnownFileType = unknown; explicitFileType = undefined; includeInIndex = 0; };
		541CDBC6E6474B25A780279D /* cappuccino_pic_2_portrait.png */ = {isa = PBXFileReference; name = "cappuccino_pic_2_portrait.png"; path = "../src/assets/coffee_assets/cappuccino/portrait/cappuccino_pic_2_portrait.png"; sourceTree = "<group>"; fileEncoding = undefined; lastKnownFileType = unknown; explicitFileType = undefined; includeInIndex = 0; };
		B698B2D46CF4485D8134E7DF /* cappuccino_pic_3_portrait.png */ = {isa = PBXFileReference; name = "cappuccino_pic_3_portrait.png"; path = "../src/assets/coffee_assets/cappuccino/portrait/cappuccino_pic_3_portrait.png"; sourceTree = "<group>"; fileEncoding = undefined; lastKnownFileType = unknown; explicitFileType = undefined; includeInIndex = 0; };
		22F6EA9CBC4743E09E18BC6C /* cappuccino_pic_1_square.png */ = {isa = PBXFileReference; name = "cappuccino_pic_1_square.png"; path = "../src/assets/coffee_assets/cappuccino/square/cappuccino_pic_1_square.png"; sourceTree = "<group>"; fileEncoding = undefined; lastKnownFileType = unknown; explicitFileType = undefined; includeInIndex = 0; };
		FE6AE8BE02B149D6B37273B1 /* cappuccino_pic_2_square.png */ = {isa = PBXFileReference; name = "cappuccino_pic_2_square.png"; path = "../src/assets/coffee_assets/cappuccino/square/cappuccino_pic_2_square.png"; sourceTree = "<group>"; fileEncoding = undefined; lastKnownFileType = unknown; explicitFileType = undefined; includeInIndex = 0; };
		B3D3DB3F31C549A9AD989114 /* cappuccino_pic_3_square.png */ = {isa = PBXFileReference; name = "cappuccino_pic_3_square.png"; path = "../src/assets/coffee_assets/cappuccino/square/cappuccino_pic_3_square.png"; sourceTree = "<group>"; fileEncoding = undefined; lastKnownFileType = unknown; explicitFileType = undefined; includeInIndex = 0; };
		5627BB277D804F1392633E50 /* espresso_pic_1_portrait.png */ = {isa = PBXFileReference; name = "espresso_pic_1_portrait.png"; path = "../src/assets/coffee_assets/espresso/portrait/espresso_pic_1_portrait.png"; sourceTree = "<group>"; fileEncoding = undefined; lastKnownFileType = unknown; explicitFileType = undefined; includeInIndex = 0; };
		1E8D3AB5A1E0414A9282D716 /* espresso_pic_2_portrait.png */ = {isa = PBXFileReference; name = "espresso_pic_2_portrait.png"; path = "../src/assets/coffee_assets/espresso/portrait/espresso_pic_2_portrait.png"; sourceTree = "<group>"; fileEncoding = undefined; lastKnownFileType = unknown; explicitFileType = undefined; includeInIndex = 0; };
		16DFA8C8ACB54F248F87D138 /* espresso_pic_3_portrait.png */ = {isa = PBXFileReference; name = "espresso_pic_3_portrait.png"; path = "../src/assets/coffee_assets/espresso/portrait/espresso_pic_3_portrait.png"; sourceTree = "<group>"; fileEncoding = undefined; lastKnownFileType = unknown; explicitFileType = undefined; includeInIndex = 0; };
		807DC78B77404370AAAE46DD /* espresso_pic_1_square.png */ = {isa = PBXFileReference; name = "espresso_pic_1_square.png"; path = "../src/assets/coffee_assets/espresso/square/espresso_pic_1_square.png"; sourceTree = "<group>"; fileEncoding = undefined; lastKnownFileType = unknown; explicitFileType = undefined; includeInIndex = 0; };
		FAD3E8F56E564A96B7A96661 /* espresso_pic_2_square.png */ = {isa = PBXFileReference; name = "espresso_pic_2_square.png"; path = "../src/assets/coffee_assets/espresso/square/espresso_pic_2_square.png"; sourceTree = "<group>"; fileEncoding = undefined; lastKnownFileType = unknown; explicitFileType = undefined; includeInIndex = 0; };
		76EE42CB5A984683BF62EC6B /* espresso_pic_3_square.png */ = {isa = PBXFileReference; name = "espresso_pic_3_square.png"; path = "../src/assets/coffee_assets/espresso/square/espresso_pic_3_square.png"; sourceTree = "<group>"; fileEncoding = undefined; lastKnownFileType = unknown; explicitFileType = undefined; includeInIndex = 0; };
		AE14DBCCEC5946EBB49E68CA /* excelsa_coffee_beans_portrait.png */ = {isa = PBXFileReference; name = "excelsa_coffee_beans_portrait.png"; path = "../src/assets/coffee_assets/excelsa_coffee_beans/excelsa_coffee_beans_portrait.png"; sourceTree = "<group>"; fileEncoding = undefined; lastKnownFileType = unknown; explicitFileType = undefined; includeInIndex = 0; };
		F913C34657654235B7B9AAFD /* excelsa_coffee_beans_square.png */ = {isa = PBXFileReference; name = "excelsa_coffee_beans_square.png"; path = "../src/assets/coffee_assets/excelsa_coffee_beans/excelsa_coffee_beans_square.png"; sourceTree = "<group>"; fileEncoding = undefined; lastKnownFileType = unknown; explicitFileType = undefined; includeInIndex = 0; };
		A3A870F1114C43E094698B5F /* latte_pic_1_portrait.png */ = {isa = PBXFileReference; name = "latte_pic_1_portrait.png"; path = "../src/assets/coffee_assets/latte/portrait/latte_pic_1_portrait.png"; sourceTree = "<group>"; fileEncoding = undefined; lastKnownFileType = unknown; explicitFileType = undefined; includeInIndex = 0; };
		C539ADDAC0CF468CBC99D595 /* latte_pic_2_portrait.png */ = {isa = PBXFileReference; name = "latte_pic_2_portrait.png"; path = "../src/assets/coffee_assets/latte/portrait/latte_pic_2_portrait.png"; sourceTree = "<group>"; fileEncoding = undefined; lastKnownFileType = unknown; explicitFileType = undefined; includeInIndex = 0; };
		E3F2A55574254FEBA7B05A3C /* latte_pic_3_portrait.png */ = {isa = PBXFileReference; name = "latte_pic_3_portrait.png"; path = "../src/assets/coffee_assets/latte/portrait/latte_pic_3_portrait.png"; sourceTree = "<group>"; fileEncoding = undefined; lastKnownFileType = unknown; explicitFileType = undefined; includeInIndex = 0; };
		63B8D3CA5EDD44E3A541AF17 /* latte_pic_1_square.png */ = {isa = PBXFileReference; name = "latte_pic_1_square.png"; path = "../src/assets/coffee_assets/latte/square/latte_pic_1_square.png"; sourceTree = "<group>"; fileEncoding = undefined; lastKnownFileType = unknown; explicitFileType = undefined; includeInIndex = 0; };
		039345EA9AB14E8CBFC7BC7B /* latte_pic_2_square.png */ = {isa = PBXFileReference; name = "latte_pic_2_square.png"; path = "../src/assets/coffee_assets/latte/square/latte_pic_2_square.png"; sourceTree = "<group>"; fileEncoding = undefined; lastKnownFileType = unknown; explicitFileType = undefined; includeInIndex = 0; };
		ABA91451F9CF42AE8F817DF4 /* latte_pic_3_square.png */ = {isa = PBXFileReference; name = "latte_pic_3_square.png"; path = "../src/assets/coffee_assets/latte/square/latte_pic_3_square.png"; sourceTree = "<group>"; fileEncoding = undefined; lastKnownFileType = unknown; explicitFileType = undefined; includeInIndex = 0; };
		15F2845B19594A659240852A /* liberica_coffee_beans_portrait.png */ = {isa = PBXFileReference; name = "liberica_coffee_beans_portrait.png"; path = "../src/assets/coffee_assets/liberica_coffee_beans/liberica_coffee_beans_portrait.png"; sourceTree = "<group>"; fileEncoding = undefined; lastKnownFileType = unknown; explicitFileType = undefined; includeInIndex = 0; };
		B10D8D88CF5D410A9BBF6163 /* liberica_coffee_beans_square.png */ = {isa = PBXFileReference; name = "liberica_coffee_beans_square.png"; path = "../src/assets/coffee_assets/liberica_coffee_beans/liberica_coffee_beans_square.png"; sourceTree = "<group>"; fileEncoding = undefined; lastKnownFileType = unknown; explicitFileType = undefined; includeInIndex = 0; };
		B528D00AA86B495297A1DD12 /* macchiato_pic_1_portrait.png */ = {isa = PBXFileReference; name = "macchiato_pic_1_portrait.png"; path = "../src/assets/coffee_assets/macchiato/portrait/macchiato_pic_1_portrait.png"; sourceTree = "<group>"; fileEncoding = undefined; lastKnownFileType = unknown; explicitFileType = undefined; includeInIndex = 0; };
		B04014285B4240A4ABAB4115 /* macchiato_pic_2_portrait.png */ = {isa = PBXFileReference; name = "macchiato_pic_2_portrait.png"; path = "../src/assets/coffee_assets/macchiato/portrait/macchiato_pic_2_portrait.png"; sourceTree = "<group>"; fileEncoding = undefined; lastKnownFileType = unknown; explicitFileType = undefined; includeInIndex = 0; };
		888FDEEE345241DBB60788B9 /* macchiato_pic_3_portrait.png */ = {isa = PBXFileReference; name = "macchiato_pic_3_portrait.png"; path = "../src/assets/coffee_assets/macchiato/portrait/macchiato_pic_3_portrait.png"; sourceTree = "<group>"; fileEncoding = undefined; lastKnownFileType = unknown; explicitFileType = undefined; includeInIndex = 0; };
		0FB8FB8ED9A64EDF86E594CE /* macchiato_pic_1_square.png */ = {isa = PBXFileReference; name = "macchiato_pic_1_square.png"; path = "../src/assets/coffee_assets/macchiato/square/macchiato_pic_1_square.png"; sourceTree = "<group>"; fileEncoding = undefined; lastKnownFileType = unknown; explicitFileType = undefined; includeInIndex = 0; };
		8BEFD456BCDF4ADDBDE435A4 /* macchiato_pic_2_square.png */ = {isa = PBXFileReference; name = "macchiato_pic_2_square.png"; path = "../src/assets/coffee_assets/macchiato/square/macchiato_pic_2_square.png"; sourceTree = "<group>"; fileEncoding = undefined; lastKnownFileType = unknown; explicitFileType = undefined; includeInIndex = 0; };
		DC859B565DF34E46A4EBF819 /* macchiato_pic_3_square.png */ = {isa = PBXFileReference; name = "macchiato_pic_3_square.png"; path = "../src/assets/coffee_assets/macchiato/square/macchiato_pic_3_square.png"; sourceTree = "<group>"; fileEncoding = undefined; lastKnownFileType = unknown; explicitFileType = undefined; includeInIndex = 0; };
		D339B644E2F74B52857AC664 /* robusta_coffee_beans_portrait.png */ = {isa = PBXFileReference; name = "robusta_coffee_beans_portrait.png"; path = "../src/assets/coffee_assets/robusta_coffee_beans/robusta_coffee_beans_portrait.png"; sourceTree = "<group>"; fileEncoding = undefined; lastKnownFileType = unknown; explicitFileType = undefined; includeInIndex = 0; };
		0E9A7A06CACF4BAAA3390657 /* robusta_coffee_beans_square.png */ = {isa = PBXFileReference; name = "robusta_coffee_beans_square.png"; path = "../src/assets/coffee_assets/robusta_coffee_beans/robusta_coffee_beans_square.png"; sourceTree = "<group>"; fileEncoding = undefined; lastKnownFileType = unknown; explicitFileType = undefined; includeInIndex = 0; };
/* End PBXFileReference section */

/* Begin PBXFrameworksBuildPhase section */
		00E356EB1AD99517003FC87E /* Frameworks */ = {
			isa = PBXFrameworksBuildPhase;
			buildActionMask = 2147483647;
			files = (
				7699B88040F8A987B510C191 /* libPods-coffe_house-coffe_houseTests.a in Frameworks */,
			);
			runOnlyForDeploymentPostprocessing = 0;
		};
		13B07F8C1A680F5B00A75B9A /* Frameworks */ = {
			isa = PBXFrameworksBuildPhase;
			buildActionMask = 2147483647;
			files = (
				0C80B921A6F3F58F76C31292 /* libPods-coffe_house.a in Frameworks */,
			);
			runOnlyForDeploymentPostprocessing = 0;
		};
/* End PBXFrameworksBuildPhase section */

/* Begin PBXGroup section */
		00E356EF1AD99517003FC87E /* coffe_houseTests */ = {
			isa = PBXGroup;
			children = (
				00E356F21AD99517003FC87E /* coffe_houseTests.m */,
				00E356F01AD99517003FC87E /* Supporting Files */,
			);
			path = coffe_houseTests;
			sourceTree = "<group>";
		};
		00E356F01AD99517003FC87E /* Supporting Files */ = {
			isa = PBXGroup;
			children = (
				00E356F11AD99517003FC87E /* Info.plist */,
			);
			name = "Supporting Files";
			sourceTree = "<group>";
		};
		13B07FAE1A68108700A75B9A /* coffe_house */ = {
			isa = PBXGroup;
			children = (
				13B07FAF1A68108700A75B9A /* AppDelegate.h */,
				13B07FB01A68108700A75B9A /* AppDelegate.mm */,
				13B07FB51A68108700A75B9A /* Images.xcassets */,
				13B07FB61A68108700A75B9A /* Info.plist */,
				81AB9BB72411601600AC10FF /* LaunchScreen.storyboard */,
				13B07FB71A68108700A75B9A /* main.m */,
			);
			name = coffe_house;
			sourceTree = "<group>";
		};
		2D16E6871FA4F8E400B85C8A /* Frameworks */ = {
			isa = PBXGroup;
			children = (
				ED297162215061F000B7C4FE /* JavaScriptCore.framework */,
				5DCACB8F33CDC322A6C60F78 /* libPods-coffe_house.a */,
				19F6CBCC0A4E27FBF8BF4A61 /* libPods-coffe_house-coffe_houseTests.a */,
			);
			name = Frameworks;
			sourceTree = "<group>";
		};
		832341AE1AAA6A7D00B99B32 /* Libraries */ = {
			isa = PBXGroup;
			children = (
			);
			name = Libraries;
			sourceTree = "<group>";
		};
		83CBB9F61A601CBA00E9B192 = {
			isa = PBXGroup;
			children = (
				13B07FAE1A68108700A75B9A /* coffe_house */,
				832341AE1AAA6A7D00B99B32 /* Libraries */,
				00E356EF1AD99517003FC87E /* coffe_houseTests */,
				83CBBA001A601CBA00E9B192 /* Products */,
				2D16E6871FA4F8E400B85C8A /* Frameworks */,
				BBD78D7AC51CEA395F1C20DB /* Pods */,
				464F034A091D4B48A3EE241D /* Resources */,
			);
			indentWidth = 2;
			sourceTree = "<group>";
			tabWidth = 2;
			usesTabs = 0;
		};
		83CBBA001A601CBA00E9B192 /* Products */ = {
			isa = PBXGroup;
			children = (
				13B07F961A680F5B00A75B9A /* coffe_house.app */,
				00E356EE1AD99517003FC87E /* coffe_houseTests.xctest */,
			);
			name = Products;
			sourceTree = "<group>";
		};
		BBD78D7AC51CEA395F1C20DB /* Pods */ = {
			isa = PBXGroup;
			children = (
				3B4392A12AC88292D35C810B /* Pods-coffe_house.debug.xcconfig */,
				5709B34CF0A7D63546082F79 /* Pods-coffe_house.release.xcconfig */,
				5B7EB9410499542E8C5724F5 /* Pods-coffe_house-coffe_houseTests.debug.xcconfig */,
				89C6BE57DB24E9ADA2F236DE /* Pods-coffe_house-coffe_houseTests.release.xcconfig */,
			);
			path = Pods;
			sourceTree = "<group>";
		};
		464F034A091D4B48A3EE241D /* Resources */ = {
			isa = "PBXGroup";
			children = (
				7EAB197873A442F899529637 /* app_icons.ttf */,
				7AF5BD78E01749F8908B25DD /* Poppins-Black.ttf */,
				4DD013D0D5D34F4F80F7FA31 /* Poppins-Bold.ttf */,
				B67DEDAEF9174C1E87161794 /* Poppins-ExtraBold.ttf */,
				0E08AE3668654928B8FA49FC /* Poppins-ExtraLight.ttf */,
				22D89F82E2BC46028E1625A3 /* Poppins-Light.ttf */,
				3DDF0E2681E54A0FAF3C991A /* Poppins-Medium.ttf */,
				A9B8D8469DF0458AA73F74B9 /* Poppins-Regular.ttf */,
				3912838D1F8C45F49FC43B1E /* Poppins-SemiBold.ttf */,
				1EF2699326AC43C5A93C47A9 /* Poppins-Thin.ttf */,
				17D9024FDE6D4124BA8BF800 /* amazonpay.png */,
				A98D927A72F44D6E8683D4AF /* applepay.png */,
				E4F7EDCAE8204377B4261EE4 /* avatar.png */,
				5642FF9D5C01430D908E5017 /* gpay.png */,
				E3C9704C6C2A4FAA9B10C696 /* americano_pic_1_portrait.png */,
				739F75D0197D4F8D9AA45F45 /* americano_pic_2_portrait.png */,
				D44484A896714B9BA24EF82B /* americano_pic_3_portrait.png */,
				9CC91586C89A4212AFF1F189 /* americano_pic_1_square.png */,
				030A976A07A9456D9A314C51 /* americano_pic_2_square.png */,
				961DA292D81E4C4DB30E4944 /* americano_pic_3_square.png */,
				CB8E01F266B84E30ACF6636D /* arabica_coffee_beans_portrait.png */,
				6E2A528007FB4938883D48E0 /* arabica_coffee_beans_square.png */,
				A6E7BCEEFC044DC582229C00 /* black_coffee_pic_1_portrait.png */,
				DA614F56DAE44BBE911B0EB0 /* black_coffee_pic_2_portrait.png */,
				02A797E78A984967847B4B28 /* black_coffee_pic_3_portrait.png */,
				2A0B5E94D4FA4D7697C75DCD /* black_coffee_pic_1_square.png */,
				693780B1DF8C4905A74433FD /* black_coffee_pic_2_square.png */,
				587A5DCC470E44858321B812 /* black_coffee_pic_3_square.png */,
				FE0EBA2AA7A54669881E5305 /* cappuccino_pic_1_portrait.png */,
				541CDBC6E6474B25A780279D /* cappuccino_pic_2_portrait.png */,
				B698B2D46CF4485D8134E7DF /* cappuccino_pic_3_portrait.png */,
				22F6EA9CBC4743E09E18BC6C /* cappuccino_pic_1_square.png */,
				FE6AE8BE02B149D6B37273B1 /* cappuccino_pic_2_square.png */,
				B3D3DB3F31C549A9AD989114 /* cappuccino_pic_3_square.png */,
				5627BB277D804F1392633E50 /* espresso_pic_1_portrait.png */,
				1E8D3AB5A1E0414A9282D716 /* espresso_pic_2_portrait.png */,
				16DFA8C8ACB54F248F87D138 /* espresso_pic_3_portrait.png */,
				807DC78B77404370AAAE46DD /* espresso_pic_1_square.png */,
				FAD3E8F56E564A96B7A96661 /* espresso_pic_2_square.png */,
				76EE42CB5A984683BF62EC6B /* espresso_pic_3_square.png */,
				AE14DBCCEC5946EBB49E68CA /* excelsa_coffee_beans_portrait.png */,
				F913C34657654235B7B9AAFD /* excelsa_coffee_beans_square.png */,
				A3A870F1114C43E094698B5F /* latte_pic_1_portrait.png */,
				C539ADDAC0CF468CBC99D595 /* latte_pic_2_portrait.png */,
				E3F2A55574254FEBA7B05A3C /* latte_pic_3_portrait.png */,
				63B8D3CA5EDD44E3A541AF17 /* latte_pic_1_square.png */,
				039345EA9AB14E8CBFC7BC7B /* latte_pic_2_square.png */,
				ABA91451F9CF42AE8F817DF4 /* latte_pic_3_square.png */,
				15F2845B19594A659240852A /* liberica_coffee_beans_portrait.png */,
				B10D8D88CF5D410A9BBF6163 /* liberica_coffee_beans_square.png */,
				B528D00AA86B495297A1DD12 /* macchiato_pic_1_portrait.png */,
				B04014285B4240A4ABAB4115 /* macchiato_pic_2_portrait.png */,
				888FDEEE345241DBB60788B9 /* macchiato_pic_3_portrait.png */,
				0FB8FB8ED9A64EDF86E594CE /* macchiato_pic_1_square.png */,
				8BEFD456BCDF4ADDBDE435A4 /* macchiato_pic_2_square.png */,
				DC859B565DF34E46A4EBF819 /* macchiato_pic_3_square.png */,
				D339B644E2F74B52857AC664 /* robusta_coffee_beans_portrait.png */,
				0E9A7A06CACF4BAAA3390657 /* robusta_coffee_beans_square.png */,
			);
			name = Resources;
			sourceTree = "<group>";
			path = "";
		};
/* End PBXGroup section */

/* Begin PBXNativeTarget section */
		00E356ED1AD99517003FC87E /* coffe_houseTests */ = {
			isa = PBXNativeTarget;
			buildConfigurationList = 00E357021AD99517003FC87E /* Build configuration list for PBXNativeTarget "coffe_houseTests" */;
			buildPhases = (
				A55EABD7B0C7F3A422A6CC61 /* [CP] Check Pods Manifest.lock */,
				00E356EA1AD99517003FC87E /* Sources */,
				00E356EB1AD99517003FC87E /* Frameworks */,
				00E356EC1AD99517003FC87E /* Resources */,
				C59DA0FBD6956966B86A3779 /* [CP] Embed Pods Frameworks */,
				F6A41C54EA430FDDC6A6ED99 /* [CP] Copy Pods Resources */,
			);
			buildRules = (
			);
			dependencies = (
				00E356F51AD99517003FC87E /* PBXTargetDependency */,
			);
			name = coffe_houseTests;
			productName = coffe_houseTests;
			productReference = 00E356EE1AD99517003FC87E /* coffe_houseTests.xctest */;
			productType = "com.apple.product-type.bundle.unit-test";
		};
		13B07F861A680F5B00A75B9A /* coffe_house */ = {
			isa = PBXNativeTarget;
			buildConfigurationList = 13B07F931A680F5B00A75B9A /* Build configuration list for PBXNativeTarget "coffe_house" */;
			buildPhases = (
				C38B50BA6285516D6DCD4F65 /* [CP] Check Pods Manifest.lock */,
				13B07F871A680F5B00A75B9A /* Sources */,
				13B07F8C1A680F5B00A75B9A /* Frameworks */,
				13B07F8E1A680F5B00A75B9A /* Resources */,
				00DD1BFF1BD5951E006B06BC /* Bundle React Native code and images */,
				00EEFC60759A1932668264C0 /* [CP] Embed Pods Frameworks */,
				E235C05ADACE081382539298 /* [CP] Copy Pods Resources */,
			);
			buildRules = (
			);
			dependencies = (
			);
			name = coffe_house;
			productName = coffe_house;
			productReference = 13B07F961A680F5B00A75B9A /* coffe_house.app */;
			productType = "com.apple.product-type.application";
		};
/* End PBXNativeTarget section */

/* Begin PBXProject section */
		83CBB9F71A601CBA00E9B192 /* Project object */ = {
			isa = PBXProject;
			attributes = {
				LastUpgradeCheck = 1210;
				TargetAttributes = {
					00E356ED1AD99517003FC87E = {
						CreatedOnToolsVersion = 6.2;
						TestTargetID = 13B07F861A680F5B00A75B9A;
					};
					13B07F861A680F5B00A75B9A = {
						LastSwiftMigration = 1120;
					};
				};
			};
			buildConfigurationList = 83CBB9FA1A601CBA00E9B192 /* Build configuration list for PBXProject "coffe_house" */;
			compatibilityVersion = "Xcode 12.0";
			developmentRegion = en;
			hasScannedForEncodings = 0;
			knownRegions = (
				en,
				Base,
			);
			mainGroup = 83CBB9F61A601CBA00E9B192;
			productRefGroup = 83CBBA001A601CBA00E9B192 /* Products */;
			projectDirPath = "";
			projectRoot = "";
			targets = (
				13B07F861A680F5B00A75B9A /* coffe_house */,
				00E356ED1AD99517003FC87E /* coffe_houseTests */,
			);
		};
/* End PBXProject section */

/* Begin PBXResourcesBuildPhase section */
		00E356EC1AD99517003FC87E /* Resources */ = {
			isa = PBXResourcesBuildPhase;
			buildActionMask = 2147483647;
			files = (
			);
			runOnlyForDeploymentPostprocessing = 0;
		};
		13B07F8E1A680F5B00A75B9A /* Resources */ = {
			isa = PBXResourcesBuildPhase;
			buildActionMask = 2147483647;
			files = (
				81AB9BB82411601600AC10FF /* LaunchScreen.storyboard in Resources */,
				13B07FBF1A68108700A75B9A /* Images.xcassets in Resources */,
				BBACCE3684A84AEDBB6A4467 /* app_icons.ttf in Resources */,
				5E0C087987614B7E8DE2D1C2 /* Poppins-Black.ttf in Resources */,
				14D106ECEF70449EA1B45556 /* Poppins-Bold.ttf in Resources */,
				358E8E745DAD4C68AB5F9F85 /* Poppins-ExtraBold.ttf in Resources */,
				9DDA7BDDC876429A891F3018 /* Poppins-ExtraLight.ttf in Resources */,
				FA94E42C91F04E4BAB93C9FC /* Poppins-Light.ttf in Resources */,
				45626718C68942FFB2467B88 /* Poppins-Medium.ttf in Resources */,
				6AF90613A94743E6A01FB8CD /* Poppins-Regular.ttf in Resources */,
				6C3D0BFAEF8043779E041A9A /* Poppins-SemiBold.ttf in Resources */,
				03284168973A4D6EAA57D03E /* Poppins-Thin.ttf in Resources */,
				783F4E31E0174A3CB5539402 /* amazonpay.png in Resources */,
				666CC19062174CB18D775F0D /* applepay.png in Resources */,
				6BDEA580F0F54310B45E575F /* avatar.png in Resources */,
				66918C10666F4C53A6AB4DFC /* gpay.png in Resources */,
				8919A973978C423C943944F3 /* americano_pic_1_portrait.png in Resources */,
				71DB73450E1A4245A84D2248 /* americano_pic_2_portrait.png in Resources */,
				4343185581504533A88B97CE /* americano_pic_3_portrait.png in Resources */,
				60B60465994B46C6ACB48D98 /* americano_pic_1_square.png in Resources */,
				A26B6A9DEE77467891D7C5AF /* americano_pic_2_square.png in Resources */,
				55BD415F50104B688EABC08E /* americano_pic_3_square.png in Resources */,
				BC18B17F678A4B34A01E9847 /* arabica_coffee_beans_portrait.png in Resources */,
				88E4DC42239A4B64B99A6497 /* arabica_coffee_beans_square.png in Resources */,
				93C52E2C31174D25BFE4ED79 /* black_coffee_pic_1_portrait.png in Resources */,
				D5D6AD5623C747CCB5C8EB9F /* black_coffee_pic_2_portrait.png in Resources */,
				BF1DA2B5AE5B42F5A8681169 /* black_coffee_pic_3_portrait.png in Resources */,
				FFBE7445181B49E8BDA77F33 /* black_coffee_pic_1_square.png in Resources */,
				C362BAEB90DD40FEB16F08F6 /* black_coffee_pic_2_square.png in Resources */,
				2A1C083BD7E14168B95FE7BD /* black_coffee_pic_3_square.png in Resources */,
				F85881FE56FC46F3AA0A01E0 /* cappuccino_pic_1_portrait.png in Resources */,
				3C67FA0C759B42F791B6D7C4 /* cappuccino_pic_2_portrait.png in Resources */,
				C381E3FB4A1C4C36B2BF7177 /* cappuccino_pic_3_portrait.png in Resources */,
				773BD2B409454366B3599D47 /* cappuccino_pic_1_square.png in Resources */,
				718E1F14E6DE4EF9A114769C /* cappuccino_pic_2_square.png in Resources */,
				01C920A9CCB24AD2B160E9EE /* cappuccino_pic_3_square.png in Resources */,
				C2CBB8C0541044589007F80C /* espresso_pic_1_portrait.png in Resources */,
				905CF4659A534811AB16A1EF /* espresso_pic_2_portrait.png in Resources */,
				223FF8F5DBA8481CB8736BFE /* espresso_pic_3_portrait.png in Resources */,
				96F11BBA19C845D7A2FC2B8A /* espresso_pic_1_square.png in Resources */,
				50BD1AF9270045D2BCE78F4B /* espresso_pic_2_square.png in Resources */,
				4D45584C83E54EF2B916F35C /* espresso_pic_3_square.png in Resources */,
				F1B19EF906C649D5B2485C12 /* excelsa_coffee_beans_portrait.png in Resources */,
				C1F2FC79B2B841B79E6445EC /* excelsa_coffee_beans_square.png in Resources */,
				8BD19DDD023141DEAB67B102 /* latte_pic_1_portrait.png in Resources */,
				2323C5C803EF48C2B91FB3EC /* latte_pic_2_portrait.png in Resources */,
				5B9F142CE3144A4A8724FBA4 /* latte_pic_3_portrait.png in Resources */,
				E3852CDC236A43D9BC659012 /* latte_pic_1_square.png in Resources */,
				C8C58CDD2EDD4C38B48E45DF /* latte_pic_2_square.png in Resources */,
				AAE2078AF3624A9DBEE89E67 /* latte_pic_3_square.png in Resources */,
				3A18312B52E34D37B75521B0 /* liberica_coffee_beans_portrait.png in Resources */,
				6C0C46864F3D475BB5A0B4AF /* liberica_coffee_beans_square.png in Resources */,
				B67C1429CCF940138024C793 /* macchiato_pic_1_portrait.png in Resources */,
				88976D15CA17432E9EB95657 /* macchiato_pic_2_portrait.png in Resources */,
				8E20B1B413F3446C83D73D9E /* macchiato_pic_3_portrait.png in Resources */,
				D397DC9DDA764770AC91AB31 /* macchiato_pic_1_square.png in Resources */,
				8F6CCDB37C2544D08CD67CAC /* macchiato_pic_2_square.png in Resources */,
				ED866E82E94742E9AC01FC3B /* macchiato_pic_3_square.png in Resources */,
				9336BD0F5B374E748D234E24 /* robusta_coffee_beans_portrait.png in Resources */,
				C0EA0C8990724EF0919CBC3D /* robusta_coffee_beans_square.png in Resources */,
			);
			runOnlyForDeploymentPostprocessing = 0;
		};
/* End PBXResourcesBuildPhase section */

/* Begin PBXShellScriptBuildPhase section */
		00DD1BFF1BD5951E006B06BC /* Bundle React Native code and images */ = {
			isa = PBXShellScriptBuildPhase;
			buildActionMask = 2147483647;
			files = (
			);
			inputPaths = (
				"$(SRCROOT)/.xcode.env.local",
				"$(SRCROOT)/.xcode.env",
			);
			name = "Bundle React Native code and images";
			outputPaths = (
			);
			runOnlyForDeploymentPostprocessing = 0;
			shellPath = /bin/sh;
			shellScript = "set -e\n\nWITH_ENVIRONMENT=\"../node_modules/react-native/scripts/xcode/with-environment.sh\"\nREACT_NATIVE_XCODE=\"../node_modules/react-native/scripts/react-native-xcode.sh\"\n\n/bin/sh -c \"$WITH_ENVIRONMENT $REACT_NATIVE_XCODE\"\n";
		};
		00EEFC60759A1932668264C0 /* [CP] Embed Pods Frameworks */ = {
			isa = PBXShellScriptBuildPhase;
			buildActionMask = 2147483647;
			files = (
			);
			inputFileListPaths = (
				"${PODS_ROOT}/Target Support Files/Pods-coffe_house/Pods-coffe_house-frameworks-${CONFIGURATION}-input-files.xcfilelist",
			);
			name = "[CP] Embed Pods Frameworks";
			outputFileListPaths = (
				"${PODS_ROOT}/Target Support Files/Pods-coffe_house/Pods-coffe_house-frameworks-${CONFIGURATION}-output-files.xcfilelist",
			);
			runOnlyForDeploymentPostprocessing = 0;
			shellPath = /bin/sh;
			shellScript = "\"${PODS_ROOT}/Target Support Files/Pods-coffe_house/Pods-coffe_house-frameworks.sh\"\n";
			showEnvVarsInLog = 0;
		};
		A55EABD7B0C7F3A422A6CC61 /* [CP] Check Pods Manifest.lock */ = {
			isa = PBXShellScriptBuildPhase;
			buildActionMask = 2147483647;
			files = (
			);
			inputFileListPaths = (
			);
			inputPaths = (
				"${PODS_PODFILE_DIR_PATH}/Podfile.lock",
				"${PODS_ROOT}/Manifest.lock",
			);
			name = "[CP] Check Pods Manifest.lock";
			outputFileListPaths = (
			);
			outputPaths = (
				"$(DERIVED_FILE_DIR)/Pods-coffe_house-coffe_houseTests-checkManifestLockResult.txt",
			);
			runOnlyForDeploymentPostprocessing = 0;
			shellPath = /bin/sh;
			shellScript = "diff \"${PODS_PODFILE_DIR_PATH}/Podfile.lock\" \"${PODS_ROOT}/Manifest.lock\" > /dev/null\nif [ $? != 0 ] ; then\n    # print error to STDERR\n    echo \"error: The sandbox is not in sync with the Podfile.lock. Run 'pod install' or update your CocoaPods installation.\" >&2\n    exit 1\nfi\n# This output is used by Xcode 'outputs' to avoid re-running this script phase.\necho \"SUCCESS\" > \"${SCRIPT_OUTPUT_FILE_0}\"\n";
			showEnvVarsInLog = 0;
		};
		C38B50BA6285516D6DCD4F65 /* [CP] Check Pods Manifest.lock */ = {
			isa = PBXShellScriptBuildPhase;
			buildActionMask = 2147483647;
			files = (
			);
			inputFileListPaths = (
			);
			inputPaths = (
				"${PODS_PODFILE_DIR_PATH}/Podfile.lock",
				"${PODS_ROOT}/Manifest.lock",
			);
			name = "[CP] Check Pods Manifest.lock";
			outputFileListPaths = (
			);
			outputPaths = (
				"$(DERIVED_FILE_DIR)/Pods-coffe_house-checkManifestLockResult.txt",
			);
			runOnlyForDeploymentPostprocessing = 0;
			shellPath = /bin/sh;
			shellScript = "diff \"${PODS_PODFILE_DIR_PATH}/Podfile.lock\" \"${PODS_ROOT}/Manifest.lock\" > /dev/null\nif [ $? != 0 ] ; then\n    # print error to STDERR\n    echo \"error: The sandbox is not in sync with the Podfile.lock. Run 'pod install' or update your CocoaPods installation.\" >&2\n    exit 1\nfi\n# This output is used by Xcode 'outputs' to avoid re-running this script phase.\necho \"SUCCESS\" > \"${SCRIPT_OUTPUT_FILE_0}\"\n";
			showEnvVarsInLog = 0;
		};
		C59DA0FBD6956966B86A3779 /* [CP] Embed Pods Frameworks */ = {
			isa = PBXShellScriptBuildPhase;
			buildActionMask = 2147483647;
			files = (
			);
			inputFileListPaths = (
				"${PODS_ROOT}/Target Support Files/Pods-coffe_house-coffe_houseTests/Pods-coffe_house-coffe_houseTests-frameworks-${CONFIGURATION}-input-files.xcfilelist",
			);
			name = "[CP] Embed Pods Frameworks";
			outputFileListPaths = (
				"${PODS_ROOT}/Target Support Files/Pods-coffe_house-coffe_houseTests/Pods-coffe_house-coffe_houseTests-frameworks-${CONFIGURATION}-output-files.xcfilelist",
			);
			runOnlyForDeploymentPostprocessing = 0;
			shellPath = /bin/sh;
			shellScript = "\"${PODS_ROOT}/Target Support Files/Pods-coffe_house-coffe_houseTests/Pods-coffe_house-coffe_houseTests-frameworks.sh\"\n";
			showEnvVarsInLog = 0;
		};
		E235C05ADACE081382539298 /* [CP] Copy Pods Resources */ = {
			isa = PBXShellScriptBuildPhase;
			buildActionMask = 2147483647;
			files = (
			);
			inputFileListPaths = (
				"${PODS_ROOT}/Target Support Files/Pods-coffe_house/Pods-coffe_house-resources-${CONFIGURATION}-input-files.xcfilelist",
			);
			name = "[CP] Copy Pods Resources";
			outputFileListPaths = (
				"${PODS_ROOT}/Target Support Files/Pods-coffe_house/Pods-coffe_house-resources-${CONFIGURATION}-output-files.xcfilelist",
			);
			runOnlyForDeploymentPostprocessing = 0;
			shellPath = /bin/sh;
			shellScript = "\"${PODS_ROOT}/Target Support Files/Pods-coffe_house/Pods-coffe_house-resources.sh\"\n";
			showEnvVarsInLog = 0;
		};
		F6A41C54EA430FDDC6A6ED99 /* [CP] Copy Pods Resources */ = {
			isa = PBXShellScriptBuildPhase;
			buildActionMask = 2147483647;
			files = (
			);
			inputFileListPaths = (
				"${PODS_ROOT}/Target Support Files/Pods-coffe_house-coffe_houseTests/Pods-coffe_house-coffe_houseTests-resources-${CONFIGURATION}-input-files.xcfilelist",
			);
			name = "[CP] Copy Pods Resources";
			outputFileListPaths = (
				"${PODS_ROOT}/Target Support Files/Pods-coffe_house-coffe_houseTests/Pods-coffe_house-coffe_houseTests-resources-${CONFIGURATION}-output-files.xcfilelist",
			);
			runOnlyForDeploymentPostprocessing = 0;
			shellPath = /bin/sh;
			shellScript = "\"${PODS_ROOT}/Target Support Files/Pods-coffe_house-coffe_houseTests/Pods-coffe_house-coffe_houseTests-resources.sh\"\n";
			showEnvVarsInLog = 0;
		};
/* End PBXShellScriptBuildPhase section */

/* Begin PBXSourcesBuildPhase section */
		00E356EA1AD99517003FC87E /* Sources */ = {
			isa = PBXSourcesBuildPhase;
			buildActionMask = 2147483647;
			files = (
				00E356F31AD99517003FC87E /* coffe_houseTests.m in Sources */,
			);
			runOnlyForDeploymentPostprocessing = 0;
		};
		13B07F871A680F5B00A75B9A /* Sources */ = {
			isa = PBXSourcesBuildPhase;
			buildActionMask = 2147483647;
			files = (
				13B07FBC1A68108700A75B9A /* AppDelegate.mm in Sources */,
				13B07FC11A68108700A75B9A /* main.m in Sources */,
			);
			runOnlyForDeploymentPostprocessing = 0;
		};
/* End PBXSourcesBuildPhase section */

/* Begin PBXTargetDependency section */
		00E356F51AD99517003FC87E /* PBXTargetDependency */ = {
			isa = PBXTargetDependency;
			target = 13B07F861A680F5B00A75B9A /* coffe_house */;
			targetProxy = 00E356F41AD99517003FC87E /* PBXContainerItemProxy */;
		};
/* End PBXTargetDependency section */

/* Begin XCBuildConfiguration section */
		00E356F61AD99517003FC87E /* Debug */ = {
			isa = XCBuildConfiguration;
			baseConfigurationReference = 5B7EB9410499542E8C5724F5 /* Pods-coffe_house-coffe_houseTests.debug.xcconfig */;
			buildSettings = {
				BUNDLE_LOADER = "$(TEST_HOST)";
				GCC_PREPROCESSOR_DEFINITIONS = (
					"DEBUG=1",
					"$(inherited)",
				);
				INFOPLIST_FILE = coffe_houseTests/Info.plist;
				IPHONEOS_DEPLOYMENT_TARGET = 13.4;
				LD_RUNPATH_SEARCH_PATHS = (
					"$(inherited)",
					"@executable_path/Frameworks",
					"@loader_path/Frameworks",
				);
				OTHER_LDFLAGS = (
					"-ObjC",
					"-lc++",
					"$(inherited)",
				);
				PRODUCT_BUNDLE_IDENTIFIER = "org.reactjs.native.example.$(PRODUCT_NAME:rfc1034identifier)";
				PRODUCT_NAME = "$(TARGET_NAME)";
				TEST_HOST = "$(BUILT_PRODUCTS_DIR)/coffe_house.app/coffe_house";
			};
			name = Debug;
		};
		00E356F71AD99517003FC87E /* Release */ = {
			isa = XCBuildConfiguration;
			baseConfigurationReference = 89C6BE57DB24E9ADA2F236DE /* Pods-coffe_house-coffe_houseTests.release.xcconfig */;
			buildSettings = {
				BUNDLE_LOADER = "$(TEST_HOST)";
				COPY_PHASE_STRIP = NO;
				INFOPLIST_FILE = coffe_houseTests/Info.plist;
				IPHONEOS_DEPLOYMENT_TARGET = 13.4;
				LD_RUNPATH_SEARCH_PATHS = (
					"$(inherited)",
					"@executable_path/Frameworks",
					"@loader_path/Frameworks",
				);
				OTHER_LDFLAGS = (
					"-ObjC",
					"-lc++",
					"$(inherited)",
				);
				PRODUCT_BUNDLE_IDENTIFIER = "org.reactjs.native.example.$(PRODUCT_NAME:rfc1034identifier)";
				PRODUCT_NAME = "$(TARGET_NAME)";
				TEST_HOST = "$(BUILT_PRODUCTS_DIR)/coffe_house.app/coffe_house";
			};
			name = Release;
		};
		13B07F941A680F5B00A75B9A /* Debug */ = {
			isa = XCBuildConfiguration;
			baseConfigurationReference = 3B4392A12AC88292D35C810B /* Pods-coffe_house.debug.xcconfig */;
			buildSettings = {
				ASSETCATALOG_COMPILER_APPICON_NAME = AppIcon;
				CLANG_ENABLE_MODULES = YES;
				CURRENT_PROJECT_VERSION = 1;
				ENABLE_BITCODE = NO;
				INFOPLIST_FILE = coffe_house/Info.plist;
				LD_RUNPATH_SEARCH_PATHS = (
					"$(inherited)",
					"@executable_path/Frameworks",
				);
				MARKETING_VERSION = 1.0;
				OTHER_LDFLAGS = (
					"$(inherited)",
					"-ObjC",
					"-lc++",
				);
				PRODUCT_BUNDLE_IDENTIFIER = "org.reactjs.native.example.$(PRODUCT_NAME:rfc1034identifier)";
				PRODUCT_NAME = coffe_house;
				SWIFT_OPTIMIZATION_LEVEL = "-Onone";
				SWIFT_VERSION = 5.0;
				VERSIONING_SYSTEM = "apple-generic";
			};
			name = Debug;
		};
		13B07F951A680F5B00A75B9A /* Release */ = {
			isa = XCBuildConfiguration;
			baseConfigurationReference = 5709B34CF0A7D63546082F79 /* Pods-coffe_house.release.xcconfig */;
			buildSettings = {
				ASSETCATALOG_COMPILER_APPICON_NAME = AppIcon;
				CLANG_ENABLE_MODULES = YES;
				CURRENT_PROJECT_VERSION = 1;
				INFOPLIST_FILE = coffe_house/Info.plist;
				LD_RUNPATH_SEARCH_PATHS = (
					"$(inherited)",
					"@executable_path/Frameworks",
				);
				MARKETING_VERSION = 1.0;
				OTHER_LDFLAGS = (
					"$(inherited)",
					"-ObjC",
					"-lc++",
				);
				PRODUCT_BUNDLE_IDENTIFIER = "org.reactjs.native.example.$(PRODUCT_NAME:rfc1034identifier)";
				PRODUCT_NAME = coffe_house;
				SWIFT_VERSION = 5.0;
				VERSIONING_SYSTEM = "apple-generic";
			};
			name = Release;
		};
		83CBBA201A601CBA00E9B192 /* Debug */ = {
			isa = XCBuildConfiguration;
			buildSettings = {
				ALWAYS_SEARCH_USER_PATHS = NO;
				CLANG_ANALYZER_LOCALIZABILITY_NONLOCALIZED = YES;
				CLANG_CXX_LANGUAGE_STANDARD = "c++20";
				CLANG_CXX_LIBRARY = "libc++";
				CLANG_ENABLE_MODULES = YES;
				CLANG_ENABLE_OBJC_ARC = YES;
				CLANG_WARN_BLOCK_CAPTURE_AUTORELEASING = YES;
				CLANG_WARN_BOOL_CONVERSION = YES;
				CLANG_WARN_COMMA = YES;
				CLANG_WARN_CONSTANT_CONVERSION = YES;
				CLANG_WARN_DEPRECATED_OBJC_IMPLEMENTATIONS = YES;
				CLANG_WARN_DIRECT_OBJC_ISA_USAGE = YES_ERROR;
				CLANG_WARN_EMPTY_BODY = YES;
				CLANG_WARN_ENUM_CONVERSION = YES;
				CLANG_WARN_INFINITE_RECURSION = YES;
				CLANG_WARN_INT_CONVERSION = YES;
				CLANG_WARN_NON_LITERAL_NULL_CONVERSION = YES;
				CLANG_WARN_OBJC_IMPLICIT_RETAIN_SELF = YES;
				CLANG_WARN_OBJC_LITERAL_CONVERSION = YES;
				CLANG_WARN_OBJC_ROOT_CLASS = YES_ERROR;
				CLANG_WARN_QUOTED_INCLUDE_IN_FRAMEWORK_HEADER = YES;
				CLANG_WARN_RANGE_LOOP_ANALYSIS = YES;
				CLANG_WARN_STRICT_PROTOTYPES = YES;
				CLANG_WARN_SUSPICIOUS_MOVE = YES;
				CLANG_WARN_UNREACHABLE_CODE = YES;
				CLANG_WARN__DUPLICATE_METHOD_MATCH = YES;
				"CODE_SIGN_IDENTITY[sdk=iphoneos*]" = "iPhone Developer";
				COPY_PHASE_STRIP = NO;
				ENABLE_STRICT_OBJC_MSGSEND = YES;
				ENABLE_TESTABILITY = YES;
				"EXCLUDED_ARCHS[sdk=iphonesimulator*]" = "";
				GCC_C_LANGUAGE_STANDARD = gnu99;
				GCC_DYNAMIC_NO_PIC = NO;
				GCC_NO_COMMON_BLOCKS = YES;
				GCC_OPTIMIZATION_LEVEL = 0;
				GCC_PREPROCESSOR_DEFINITIONS = (
					"DEBUG=1",
					"$(inherited)",
				);
				GCC_SYMBOLS_PRIVATE_EXTERN = NO;
				GCC_WARN_64_TO_32_BIT_CONVERSION = YES;
				GCC_WARN_ABOUT_RETURN_TYPE = YES_ERROR;
				GCC_WARN_UNDECLARED_SELECTOR = YES;
				GCC_WARN_UNINITIALIZED_AUTOS = YES_AGGRESSIVE;
				GCC_WARN_UNUSED_FUNCTION = YES;
				GCC_WARN_UNUSED_VARIABLE = YES;
				IPHONEOS_DEPLOYMENT_TARGET = 13.4;
				LD_RUNPATH_SEARCH_PATHS = (
					/usr/lib/swift,
					"$(inherited)",
				);
				LIBRARY_SEARCH_PATHS = (
					"\"$(SDKROOT)/usr/lib/swift\"",
					"\"$(TOOLCHAIN_DIR)/usr/lib/swift/$(PLATFORM_NAME)\"",
					"\"$(inherited)\"",
				);
				MTL_ENABLE_DEBUG_INFO = YES;
				ONLY_ACTIVE_ARCH = YES;
				OTHER_CPLUSPLUSFLAGS = (
					"$(OTHER_CFLAGS)",
					"-DFOLLY_NO_CONFIG",
					"-DFOLLY_MOBILE=1",
					"-DFOLLY_USE_LIBCPP=1",
					"-DFOLLY_CFG_NO_COROUTINES=1",
				);
				SDKROOT = iphoneos;
			};
			name = Debug;
		};
		83CBBA211A601CBA00E9B192 /* Release */ = {
			isa = XCBuildConfiguration;
			buildSettings = {
				ALWAYS_SEARCH_USER_PATHS = NO;
				CLANG_ANALYZER_LOCALIZABILITY_NONLOCALIZED = YES;
				CLANG_CXX_LANGUAGE_STANDARD = "c++20";
				CLANG_CXX_LIBRARY = "libc++";
				CLANG_ENABLE_MODULES = YES;
				CLANG_ENABLE_OBJC_ARC = YES;
				CLANG_WARN_BLOCK_CAPTURE_AUTORELEASING = YES;
				CLANG_WARN_BOOL_CONVERSION = YES;
				CLANG_WARN_COMMA = YES;
				CLANG_WARN_CONSTANT_CONVERSION = YES;
				CLANG_WARN_DEPRECATED_OBJC_IMPLEMENTATIONS = YES;
				CLANG_WARN_DIRECT_OBJC_ISA_USAGE = YES_ERROR;
				CLANG_WARN_EMPTY_BODY = YES;
				CLANG_WARN_ENUM_CONVERSION = YES;
				CLANG_WARN_INFINITE_RECURSION = YES;
				CLANG_WARN_INT_CONVERSION = YES;
				CLANG_WARN_NON_LITERAL_NULL_CONVERSION = YES;
				CLANG_WARN_OBJC_IMPLICIT_RETAIN_SELF = YES;
				CLANG_WARN_OBJC_LITERAL_CONVERSION = YES;
				CLANG_WARN_OBJC_ROOT_CLASS = YES_ERROR;
				CLANG_WARN_QUOTED_INCLUDE_IN_FRAMEWORK_HEADER = YES;
				CLANG_WARN_RANGE_LOOP_ANALYSIS = YES;
				CLANG_WARN_STRICT_PROTOTYPES = YES;
				CLANG_WARN_SUSPICIOUS_MOVE = YES;
				CLANG_WARN_UNREACHABLE_CODE = YES;
				CLANG_WARN__DUPLICATE_METHOD_MATCH = YES;
				"CODE_SIGN_IDENTITY[sdk=iphoneos*]" = "iPhone Developer";
				COPY_PHASE_STRIP = YES;
				ENABLE_NS_ASSERTIONS = NO;
				ENABLE_STRICT_OBJC_MSGSEND = YES;
				"EXCLUDED_ARCHS[sdk=iphonesimulator*]" = "";
				GCC_C_LANGUAGE_STANDARD = gnu99;
				GCC_NO_COMMON_BLOCKS = YES;
				GCC_WARN_64_TO_32_BIT_CONVERSION = YES;
				GCC_WARN_ABOUT_RETURN_TYPE = YES_ERROR;
				GCC_WARN_UNDECLARED_SELECTOR = YES;
				GCC_WARN_UNINITIALIZED_AUTOS = YES_AGGRESSIVE;
				GCC_WARN_UNUSED_FUNCTION = YES;
				GCC_WARN_UNUSED_VARIABLE = YES;
				IPHONEOS_DEPLOYMENT_TARGET = 13.4;
				LD_RUNPATH_SEARCH_PATHS = (
					/usr/lib/swift,
					"$(inherited)",
				);
				LIBRARY_SEARCH_PATHS = (
					"\"$(SDKROOT)/usr/lib/swift\"",
					"\"$(TOOLCHAIN_DIR)/usr/lib/swift/$(PLATFORM_NAME)\"",
					"\"$(inherited)\"",
				);
				MTL_ENABLE_DEBUG_INFO = NO;
				OTHER_CPLUSPLUSFLAGS = (
					"$(OTHER_CFLAGS)",
					"-DFOLLY_NO_CONFIG",
					"-DFOLLY_MOBILE=1",
					"-DFOLLY_USE_LIBCPP=1",
					"-DFOLLY_CFG_NO_COROUTINES=1",
				);
				SDKROOT = iphoneos;
				VALIDATE_PRODUCT = YES;
			};
			name = Release;
		};
/* End XCBuildConfiguration section */

/* Begin XCConfigurationList section */
		00E357021AD99517003FC87E /* Build configuration list for PBXNativeTarget "coffe_houseTests" */ = {
			isa = XCConfigurationList;
			buildConfigurations = (
				00E356F61AD99517003FC87E /* Debug */,
				00E356F71AD99517003FC87E /* Release */,
			);
			defaultConfigurationIsVisible = 0;
			defaultConfigurationName = Release;
		};
		13B07F931A680F5B00A75B9A /* Build configuration list for PBXNativeTarget "coffe_house" */ = {
			isa = XCConfigurationList;
			buildConfigurations = (
				13B07F941A680F5B00A75B9A /* Debug */,
				13B07F951A680F5B00A75B9A /* Release */,
			);
			defaultConfigurationIsVisible = 0;
			defaultConfigurationName = Release;
		};
		83CBB9FA1A601CBA00E9B192 /* Build configuration list for PBXProject "coffe_house" */ = {
			isa = XCConfigurationList;
			buildConfigurations = (
				83CBBA201A601CBA00E9B192 /* Debug */,
				83CBBA211A601CBA00E9B192 /* Release */,
			);
			defaultConfigurationIsVisible = 0;
			defaultConfigurationName = Release;
		};
/* End XCConfigurationList section */
	};
	rootObject = 83CBB9F71A601CBA00E9B192 /* Project object */;
}
